{
  "nodes": {
    "home-manager": {
      "inputs": {
        "nixpkgs": "nixpkgs"
      },
      "locked": {
        "lastModified": 1599820015,
        "narHash": "sha256-nJtNCuFOmahoezwYlc96tpsd3wyw/k+6EavuYjmsXbI=",
        "owner": "rycee",
        "repo": "home-manager",
        "rev": "605a8fc92e2bb346b17d102d94d37af23c9b7d4e",
        "type": "github"
      },
      "original": {
        "owner": "rycee",
        "repo": "home-manager",
        "type": "github"
      }
    },
    "master": {
      "locked": {
        "lastModified": 1599921053,
        "narHash": "sha256-czOidXPGuT1bFSxgxbSZ7ZrnskYSSeyKG8EOt8vq5ik=",
        "owner": "NixOS",
        "repo": "nixpkgs",
        "rev": "607509ac8f31794bdf9304eebf857d7137b60168",
        "type": "github"
      },
      "original": {
        "id": "nixpkgs",
        "ref": "master",
        "type": "indirect"
      }
    },
    "nixos": {
      "locked": {
        "lastModified": 1599903709,
        "narHash": "sha256-tinVKY7zRdSXmVOp7BAulNtIb2iP5nvNp5UAxihKXNI=",
        "owner": "NixOS",
        "repo": "nixpkgs",
        "rev": "252bfe0107587d40092057f338e9ffcf7bbd90cb",
        "type": "github"
      },
      "original": {
        "id": "nixpkgs",
        "ref": "release-20.03",
        "type": "indirect"
      }
    },
    "nixpkgs": {
      "locked": {
        "lastModified": 1599915685,
        "narHash": "sha256-1A/keD3ULmfREUwNU/9m+LbPuUkRULq2ejcJZQrOgWg=",
        "owner": "NixOS",
        "repo": "nixpkgs",
        "rev": "f16e6f5f66fa6cc4e7ba63b62de778c25da94d3b",
        "type": "github"
      },
      "original": {
        "id": "nixpkgs",
        "type": "indirect"
      }
    },
    "nixpkgs_2": {
      "locked": {
        "lastModified": 1599782035,
        "narHash": "sha256-EeuQiuvKU/ACQFeTQgHgaM8NSYJZ4BB3BL5rFYrSpm0=",
        "owner": "NixOS",
        "repo": "nixpkgs",
        "rev": "619061532aabb4a7c6341b0674b9d9dd4faef1bd",
        "type": "github"
      },
      "original": {
        "owner": "NixOS",
        "repo": "nixpkgs",
        "type": "github"
      }
    },
    "nur": {
      "locked": {
        "lastModified": 1599772219,
        "narHash": "sha256-JJepuIE+29aXXLzKZaqterlJeQQp1o22VYrrj9j8QvM=",
        "owner": "nix-community",
        "repo": "NUR",
        "rev": "fd0d97fcd49562bc1530c461aef9a2292d560153",
        "type": "github"
      },
      "original": {
        "owner": "nix-community",
        "repo": "NUR",
        "type": "github"
      }
    },
    "root": {
      "inputs": {
        "master": "master",
        "nixos": "nixos",
        "shabka": "shabka"
      }
    },
    "shabka": {
      "inputs": {
        "home-manager": "home-manager",
        "nixpkgs": "nixpkgs_2",
        "nur": "nur"
      },
      "locked": {
        "lastModified": 1598915201,
        "narHash": "sha256-rsaFc+0QVxo56XJSvwZ9/1FFjMFq8bizkhWDIfOqpsc=",
        "type": "git",
        "url": "file:///home/risson/code/shabka"
      },
      "original": {
        "type": "git",
        "url": "file:///home/risson/code/shabka"
      }
    }
  },
  "root": "root",
  "version": 7
}
