{
  "nodes": {
    "futils": {
      "locked": {
        "lastModified": 1601282935,
        "narHash": "sha256-WQAFV6sGGQxrRs3a+/Yj9xUYvhTpukQJIcMbIi7LCJ4=",
        "owner": "numtide",
        "repo": "flake-utils",
        "rev": "588973065fce51f4763287f0fda87a174d78bf48",
        "type": "github"
      },
      "original": {
        "owner": "numtide",
        "repo": "flake-utils",
        "type": "github"
      }
    },
    "futils_2": {
      "locked": {
        "lastModified": 1601282935,
        "narHash": "sha256-WQAFV6sGGQxrRs3a+/Yj9xUYvhTpukQJIcMbIi7LCJ4=",
        "owner": "numtide",
        "repo": "flake-utils",
        "rev": "588973065fce51f4763287f0fda87a174d78bf48",
        "type": "github"
      },
      "original": {
        "owner": "numtide",
        "repo": "flake-utils",
        "type": "github"
      }
    },
    "home-manager": {
      "inputs": {
        "nixpkgs": [
          "nixos"
        ]
      },
      "locked": {
        "lastModified": 1602535872,
        "narHash": "sha256-5dnSqYNzwuL2tiQfSFCbX97Hfl4Lf6q4nghQBwm9pD8=",
        "owner": "nix-community",
        "repo": "home-manager",
        "rev": "e7d5531cfa770afc591f8dc5542eb4fba9962885",
        "type": "github"
      },
      "original": {
        "owner": "nix-community",
        "repo": "home-manager",
        "type": "github"
      }
    },
    "impermanence": {
      "inputs": {
        "nixpkgs": [
          "nixos"
        ]
      },
      "locked": {
        "lastModified": 1597683207,
        "narHash": "sha256-unJu6q70NzYiKJvsWU5w20woIb4UaCSq5Em2nkt4gus=",
        "owner": "danieldk",
        "repo": "impermanence",
        "rev": "6aa90182a2a851aeafeab312cc8c0892a9f23647",
        "type": "github"
      },
      "original": {
        "owner": "danieldk",
        "ref": "flake",
        "repo": "impermanence",
        "type": "github"
      }
    },
    "master": {
      "locked": {
        "lastModified": 1602964985,
        "narHash": "sha256-vV70SKPxL+Zn72JFL+aWIhYIZ24sBwi7mkkj46UsbL4=",
        "owner": "NixOS",
        "repo": "nixpkgs",
        "rev": "4fb4b69d9b1c3e6a70c7083888e546fdc8a42f3e",
        "type": "github"
      },
      "original": {
        "id": "nixpkgs",
        "ref": "master",
        "type": "indirect"
      }
    },
    "nixops": {
      "inputs": {
        "nixpkgs": "nixpkgs",
        "utils": "utils"
      },
      "locked": {
        "lastModified": 1601388257,
        "narHash": "sha256-Kk1T9UUB5ALL+PDe8r5EMBEuk5lpcFqnQlzyWySQI0o=",
        "owner": "NixOS",
        "repo": "nixops",
        "rev": "c9fdc936ba7066564993b6b34557c2f0f77f43ab",
        "type": "github"
      },
      "original": {
        "id": "nixops",
        "type": "indirect"
      }
    },
    "nixos": {
      "locked": {
        "lastModified": 1602363692,
        "narHash": "sha256-9V8jl1Lzgw+QMqpEWz4+TjRmXktBWLZjqr3yBWBLL1g=",
        "owner": "NixOS",
        "repo": "nixpkgs",
        "rev": "51aaa3fa1b69559456f9bd4968bd5b179a784f67",
        "type": "github"
      },
      "original": {
        "id": "nixpkgs",
        "ref": "nixos-20.09",
        "type": "indirect"
      }
    },
    "nixos-hardware": {
      "locked": {
        "lastModified": 1602720771,
        "narHash": "sha256-7eeuedkRQGLAdDJgf/RYW4f8e6lHp/bn+X496O6K+Ks=",
        "owner": "NixOS",
        "repo": "nixos-hardware",
        "rev": "b3827275b78bb5f0a8476daca81212024051b92f",
        "type": "github"
      },
      "original": {
        "id": "nixos-hardware",
        "type": "indirect"
      }
    },
    "nixpkgs": {
      "locked": {
        "lastModified": 1593886469,
        "narHash": "sha256-it7gY5BmUcDr09dUsE6VPnUsSCeBUtU/GfUwqs6twDc=",
        "owner": "NixOS",
        "repo": "nixpkgs",
        "rev": "dc80d7bc4a244120b3d766746c41c0d9c5f81dfa",
        "type": "github"
      },
      "original": {
        "owner": "NixOS",
        "ref": "nixos-unstable",
        "repo": "nixpkgs",
        "type": "github"
      }
    },
    "nur": {
      "locked": {
        "lastModified": 1602955259,
        "narHash": "sha256-NqTZsrS+g55Q7MyqZK5L1QowWCU15MDqsBQbE9wio5Q=",
        "owner": "nix-community",
        "repo": "NUR",
        "rev": "b25dc04d6748e5da15f5491788321ac6ace46a2a",
        "type": "github"
      },
      "original": {
        "id": "nur",
        "type": "indirect"
      }
    },
    "root": {
      "inputs": {
        "futils": "futils",
        "home-manager": "home-manager",
        "impermanence": "impermanence",
        "master": "master",
        "nixops": "nixops",
        "nixos": "nixos",
        "nixos-hardware": "nixos-hardware",
        "nur": "nur",
        "soxin": "soxin"
      }
    },
    "soxin": {
      "inputs": {
        "futils": "futils_2",
        "home-manager": [
          "home-manager"
        ],
        "nixpkgs": [
          "nixos"
        ]
      },
      "locked": {
        "lastModified": 1602970614,
        "narHash": "sha256-dCyieQ/EPeDyNgsbLigSJVscESl5OldmGkFOS2OEkZk=",
        "type": "git",
        "url": "file:///home/risson/code/soxin"
      },
      "original": {
        "type": "git",
        "url": "file:///home/risson/code/soxin"
      }
    },
    "utils": {
      "locked": {
        "lastModified": 1594123299,
        "narHash": "sha256-zxjtMmOV93pIVG242RpEXu14w/13XYDo3ygMoRIJg4c=",
        "owner": "numtide",
        "repo": "flake-utils",
        "rev": "590d6d1badea1956a31480a0cba1d8d029cf45d3",
        "type": "github"
      },
      "original": {
        "owner": "numtide",
        "repo": "flake-utils",
        "type": "github"
      }
    }
  },
  "root": "root",
  "version": 7
}
